// !$*UTF8*$!
{
	archiveVersion = 1;
	classes = {
	};
	objectVersion = 56;
	objects = {

/* Begin PBXBuildFile section */
		022163AE04F74A40ADD532C98CBB222A /* KeychainService.swift in Sources */ = {isa = PBXBuildFile; fileRef = 61F27D4ACE594A5A81AD30D6CF903346 /* KeychainService.swift */; };
		143734D90A314F9A8F7E2C8B /* MainTabView.swift in Sources */ = {isa = PBXBuildFile; fileRef = 15B04B452D964393A320A2DB /* MainTabView.swift */; };
		1838EA2FBBDD4345B9ABFBEE90DD85A5 /* MonthlyTrendChart.swift in Sources */ = {isa = PBXBuildFile; fileRef = B7D351E2FAC94BC4B9B441B0A1497237 /* MonthlyTrendChart.swift */; };
		191EB9443F5548B385586B56 /* AccountsView.swift in Sources */ = {isa = PBXBuildFile; fileRef = 58A077D6A96E418DB9C4D3BA /* AccountsView.swift */; };
		1C6A3E7029E9AA0100D4E5E2 /* JellySaveApp.swift in Sources */ = {isa = PBXBuildFile; fileRef = 1C6A3E8029E9AA0200D4E5E2 /* JellySaveApp.swift */; };
		1C6A3E7129E9AA0100D4E5E2 /* AppDelegate.swift in Sources */ = {isa = PBXBuildFile; fileRef = 1C6A3E8129E9AA0200D4E5E2 /* AppDelegate.swift */; };
		1C6A3E7229E9AA0100D4E5E2 /* HomeView.swift in Sources */ = {isa = PBXBuildFile; fileRef = 1C6A3E8229E9AA0200D4E5E2 /* HomeView.swift */; };
		1C6A3E7329E9AA0100D4E5E2 /* CoreDataStack.swift in Sources */ = {isa = PBXBuildFile; fileRef = 1C6A3E8329E9AA0200D4E5E2 /* CoreDataStack.swift */; };
		1C6A3E7429E9AA0100D4E5E2 /* JellySaveError.swift in Sources */ = {isa = PBXBuildFile; fileRef = 1C6A3E8429E9AA0200D4E5E2 /* JellySaveError.swift */; };
		1C6A3E7529E9AA0100D4E5E2 /* Assets.xcassets in Resources */ = {isa = PBXBuildFile; fileRef = 1C6A3E8629E9AA0200D4E5E2 /* Assets.xcassets */; };
		1C6A3F0029E9AA0600D4E5E2 /* Color+Theme.swift in Sources */ = {isa = PBXBuildFile; fileRef = 1C6A3F2029E9AA0600D4E5E2 /* Color+Theme.swift */; };
		1C6A3F0129E9AA0600D4E5E2 /* Constants.swift in Sources */ = {isa = PBXBuildFile; fileRef = 1C6A3F2129E9AA0600D4E5E2 /* Constants.swift */; };
		1C6A3F0229E9AA0600D4E5E2 /* ThemeService.swift in Sources */ = {isa = PBXBuildFile; fileRef = 1C6A3F2229E9AA0600D4E5E2 /* ThemeService.swift */; };
		1C6A3F0329E9AA0600D4E5E2 /* CustomButton.swift in Sources */ = {isa = PBXBuildFile; fileRef = 1C6A3F2329E9AA0600D4E5E2 /* CustomButton.swift */; };
		1C6A3F0429E9AA0600D4E5E2 /* ProgressRing.swift in Sources */ = {isa = PBXBuildFile; fileRef = 1C6A3F2429E9AA0600D4E5E2 /* ProgressRing.swift */; };
		1C6A3F0529E9AA0600D4E5E2 /* CardContainer.swift in Sources */ = {isa = PBXBuildFile; fileRef = 1C6A3F2529E9AA0600D4E5E2 /* CardContainer.swift */; };
		1C6A3F0629E9AA0600D4E5E2 /* CurrencyTextField.swift in Sources */ = {isa = PBXBuildFile; fileRef = 1C6A3F2629E9AA0600D4E5E2 /* CurrencyTextField.swift */; };
		1C6A3F0729E9AA0600D4E5E2 /* NumberFormatter+Currency.swift in Sources */ = {isa = PBXBuildFile; fileRef = 1C6A3F2729E9AA0600D4E5E2 /* NumberFormatter+Currency.swift */; };
		1C6A3F0829E9AA0600D4E5E2 /* TagLabel.swift in Sources */ = {isa = PBXBuildFile; fileRef = 1C6A3F2829E9AA0600D4E5E2 /* TagLabel.swift */; };
		1C6A3F0929E9AA0600D4E5E2 /* EmptyStateView.swift in Sources */ = {isa = PBXBuildFile; fileRef = 1C6A3F2929E9AA0600D4E5E2 /* EmptyStateView.swift */; };
		1C6A3F0A29E9AA0600D4E5E2 /* GradientBackground.swift in Sources */ = {isa = PBXBuildFile; fileRef = 1C6A3F2A29E9AA0600D4E5E2 /* GradientBackground.swift */; };
		1C6A3F0B29E9AA0600D4E5E2 /* View+Extensions.swift in Sources */ = {isa = PBXBuildFile; fileRef = 1C6A3F2B29E9AA0600D4E5E2 /* View+Extensions.swift */; };
		1C6A3F0C29E9AA0600D4E5E2 /* LottieView.swift in Sources */ = {isa = PBXBuildFile; fileRef = 1C6A3F2C29E9AA0600D4E5E2 /* LottieView.swift */; };
		1C6A3F0D29E9AA0600D4E5E2 /* SkeletonLoadingView.swift in Sources */ = {isa = PBXBuildFile; fileRef = 1C6A3F2D29E9AA0600D4E5E2 /* SkeletonLoadingView.swift */; };
		1C6A3F0E29E9AA0600D4E5E2 /* CountingLabel.swift in Sources */ = {isa = PBXBuildFile; fileRef = 1C6A3F2E29E9AA0600D4E5E2 /* CountingLabel.swift */; };
		4AB2F6F89F4C4C52AFCC78C1C7CF426C /* AddAccountView.swift in Sources */ = {isa = PBXBuildFile; fileRef = DB0C21D307E9453BB7D196183D51EAB2 /* AddAccountView.swift */; };
		4D12282A193E49FD8B381857FD514487 /* ShareSheet.swift in Sources */ = {isa = PBXBuildFile; fileRef = A5641F024EC14593AF522B030430AA79 /* ShareSheet.swift */; };
		4D678B0C2EBC58AA004A18AD /* goalCelebration.json in Resources */ = {isa = PBXBuildFile; fileRef = 4D678B092EBC58A1004A18AD /* goalCelebration.json */; };
		4D9FB41A2EB8A9A4003821A3 /* Lottie in Frameworks */ = {isa = PBXBuildFile; productRef = 4D9FB4192EB8A9A4003821A3 /* Lottie */; };
		4D9FB41F2EB8A9DA003821A3 /* SkeletonView in Frameworks */ = {isa = PBXBuildFile; productRef = 4D9FB41E2EB8A9DA003821A3 /* SkeletonView */; };
		4D9FB4222EB8AB37003821A3 /* Lottie in Frameworks */ = {isa = PBXBuildFile; productRef = 4D9FB4212EB8AB37003821A3 /* Lottie */; };
		672928F4AA854D8CAA201DE509E238EA /* AccountsListView.swift in Sources */ = {isa = PBXBuildFile; fileRef = C9AF26A68950490B88A6F03B921D9A09 /* AccountsListView.swift */; };
		67AEE6D2DB6C436ABAE1C2939267C0B6 /* NotificationSettingsView.swift in Sources */ = {isa = PBXBuildFile; fileRef = 5B8FE21A98C84314979F675A7A28D2EA /* NotificationSettingsView.swift */; };
		6F4B942D13194EB3A256ECA1 /* AccountsViewModel.swift in Sources */ = {isa = PBXBuildFile; fileRef = 97673B92B8DA40A097DE0788 /* AccountsViewModel.swift */; };
		747130AB8EB84D54B00439DED8DBE2F4 /* EditGoalView.swift in Sources */ = {isa = PBXBuildFile; fileRef = 7672247F661C4F17B0670CB987041C6C /* EditGoalView.swift */; };
		7EEC386805BF41F8BCF793B113CAC400 /* BiometricAuthService.swift in Sources */ = {isa = PBXBuildFile; fileRef = 2AF61E3B4F094389A3473FD1940600D6 /* BiometricAuthService.swift */; };
		81BE73E77BEF4B8FA884813EDF8E9D18 /* GoalsListView.swift in Sources */ = {isa = PBXBuildFile; fileRef = 98B2D5F36BF04A27B3CFC83B4519D635 /* GoalsListView.swift */; };
		87C6FACCBAE64443B81780B502318755 /* TotalAssetsCard.swift in Sources */ = {isa = PBXBuildFile; fileRef = 1DB1A10065E2449093928769CFB21E18 /* TotalAssetsCard.swift */; };
		90C59A0498884863AFF662AD /* SavingGoalService.swift in Sources */ = {isa = PBXBuildFile; fileRef = 9BBAC6B117824ED8B1910C0C /* SavingGoalService.swift */; };
		A195FB9DCF564866A88904AA /* GoalsViewModel.swift in Sources */ = {isa = PBXBuildFile; fileRef = F723187B6C0F4D23BAACF5F2 /* GoalsViewModel.swift */; };
		A399B1F275AC46A4BDB615AE /* AccountType.swift in Sources */ = {isa = PBXBuildFile; fileRef = DA4EB803BDE7413D9A7DD307 /* AccountType.swift */; };
		AA1EDE2BFDF044D1BA89C26211EF4FD0 /* DataManagementService.swift in Sources */ = {isa = PBXBuildFile; fileRef = 8D0842EFCED245C5BDE213CDB730B367 /* DataManagementService.swift */; };
		AE1929DEA7B94F19AC0C7D68 /* DataModels.swift in Sources */ = {isa = PBXBuildFile; fileRef = 05BDE3A0ADB44919AEB86296 /* DataModels.swift */; };
		AF4E11EA40E24990BAE6169A /* AccountService.swift in Sources */ = {isa = PBXBuildFile; fileRef = 84483826903C4CC39AB2C800 /* AccountService.swift */; };
		B32D227610674DFA9573E3B2 /* SavingGoalsView.swift in Sources */ = {isa = PBXBuildFile; fileRef = EA7B92E0EE134E73BEC5F4D7 /* SavingGoalsView.swift */; };
		C312A1D008224E84BCE4AF72 /* HomeViewModel.swift in Sources */ = {isa = PBXBuildFile; fileRef = 61394A8E7B4D42ACB10D000C /* HomeViewModel.swift */; };
		C35934B850854BB09EF230BA660FC1C6 /* GoalDetailView.swift in Sources */ = {isa = PBXBuildFile; fileRef = AD65376EF814426197D82FEAEA98A56A /* GoalDetailView.swift */; };
		C514CFFB489C47AC81EC2669E3654835 /* CelebrationView.swift in Sources */ = {isa = PBXBuildFile; fileRef = B3E90DFA8A8C42D99C72AC52C2D7F847 /* CelebrationView.swift */; };
		C8718432FA894D1E8D410A872B37B48F /* CreateGoalView.swift in Sources */ = {isa = PBXBuildFile; fileRef = 8ECA8F0E87774C99A32C93DCF85A9971 /* CreateGoalView.swift */; };
		CDD06659BB7C4A64A15212E9D3A976A9 /* InspirationalQuotes.swift in Sources */ = {isa = PBXBuildFile; fileRef = A14E9788110C4A5893D3D6074B420489 /* InspirationalQuotes.swift */; };
		CE181B6F447C47EFAB9A3CBD /* SettingsView.swift in Sources */ = {isa = PBXBuildFile; fileRef = 253BE04036244FB7A944209C /* SettingsView.swift */; };
		CF2A46077A244382ABE58C50 /* SettingsViewModel.swift in Sources */ = {isa = PBXBuildFile; fileRef = 63F4FFB8550E4C22A212BF37 /* SettingsViewModel.swift */; };
		D4E33AE2A15641D290F47357D57C3EF0 /* Notifications.swift in Sources */ = {isa = PBXBuildFile; fileRef = 86AA5C863C0147C3B12F62145E5BD739 /* Notifications.swift */; };
		EE651719DE0D48D5B837181E5F5446EB /* AccountDetailView.swift in Sources */ = {isa = PBXBuildFile; fileRef = BD0E682AA8AF40C6942EB4E3077F0046 /* AccountDetailView.swift */; };
		FE46982AF57D48F182637A9A /* NotificationService.swift in Sources */ = {isa = PBXBuildFile; fileRef = D8CC8F525D2942388F79E766 /* NotificationService.swift */; };
/* End PBXBuildFile section */

/* Begin PBXFileReference section */
		05BDE3A0ADB44919AEB86296 /* DataModels.swift */ = {isa = PBXFileReference; lastKnownFileType = sourcecode.swift; path = DataModels.swift; sourceTree = "<group>"; };
		15B04B452D964393A320A2DB /* MainTabView.swift */ = {isa = PBXFileReference; lastKnownFileType = sourcecode.swift; path = MainTabView.swift; sourceTree = "<group>"; };
		1C6A3E8029E9AA0200D4E5E2 /* JellySaveApp.swift */ = {isa = PBXFileReference; lastKnownFileType = sourcecode.swift; path = JellySaveApp.swift; sourceTree = "<group>"; };
		1C6A3E8129E9AA0200D4E5E2 /* AppDelegate.swift */ = {isa = PBXFileReference; lastKnownFileType = sourcecode.swift; path = AppDelegate.swift; sourceTree = "<group>"; };
		1C6A3E8229E9AA0200D4E5E2 /* HomeView.swift */ = {isa = PBXFileReference; lastKnownFileType = sourcecode.swift; path = HomeView.swift; sourceTree = "<group>"; };
		1C6A3E8329E9AA0200D4E5E2 /* CoreDataStack.swift */ = {isa = PBXFileReference; lastKnownFileType = sourcecode.swift; path = CoreDataStack.swift; sourceTree = "<group>"; };
		1C6A3E8429E9AA0200D4E5E2 /* JellySaveError.swift */ = {isa = PBXFileReference; lastKnownFileType = sourcecode.swift; path = JellySaveError.swift; sourceTree = "<group>"; };
		1C6A3E8529E9AA0200D4E5E2 /* Info.plist */ = {isa = PBXFileReference; lastKnownFileType = text.plist.xml; path = Info.plist; sourceTree = "<group>"; };
		1C6A3E8629E9AA0200D4E5E2 /* Assets.xcassets */ = {isa = PBXFileReference; lastKnownFileType = folder.assetcatalog; path = Assets.xcassets; sourceTree = "<group>"; };
		1C6A3E8729E9AA0200D4E5E2 /* JellySave.app */ = {isa = PBXFileReference; explicitFileType = wrapper.application; includeInIndex = 0; path = JellySave.app; sourceTree = BUILT_PRODUCTS_DIR; };
		1C6A3F2029E9AA0600D4E5E2 /* Color+Theme.swift */ = {isa = PBXFileReference; lastKnownFileType = sourcecode.swift; path = "Color+Theme.swift"; sourceTree = "<group>"; };
		1C6A3F2129E9AA0600D4E5E2 /* Constants.swift */ = {isa = PBXFileReference; lastKnownFileType = sourcecode.swift; path = Constants.swift; sourceTree = "<group>"; };
		1C6A3F2229E9AA0600D4E5E2 /* ThemeService.swift */ = {isa = PBXFileReference; lastKnownFileType = sourcecode.swift; path = ThemeService.swift; sourceTree = "<group>"; };
		1C6A3F2329E9AA0600D4E5E2 /* CustomButton.swift */ = {isa = PBXFileReference; lastKnownFileType = sourcecode.swift; path = CustomButton.swift; sourceTree = "<group>"; };
		1C6A3F2429E9AA0600D4E5E2 /* ProgressRing.swift */ = {isa = PBXFileReference; lastKnownFileType = sourcecode.swift; path = ProgressRing.swift; sourceTree = "<group>"; };
		1C6A3F2529E9AA0600D4E5E2 /* CardContainer.swift */ = {isa = PBXFileReference; lastKnownFileType = sourcecode.swift; path = CardContainer.swift; sourceTree = "<group>"; };
		1C6A3F2629E9AA0600D4E5E2 /* CurrencyTextField.swift */ = {isa = PBXFileReference; lastKnownFileType = sourcecode.swift; path = CurrencyTextField.swift; sourceTree = "<group>"; };
		1C6A3F2729E9AA0600D4E5E2 /* NumberFormatter+Currency.swift */ = {isa = PBXFileReference; lastKnownFileType = sourcecode.swift; path = "NumberFormatter+Currency.swift"; sourceTree = "<group>"; };
		1C6A3F2829E9AA0600D4E5E2 /* TagLabel.swift */ = {isa = PBXFileReference; lastKnownFileType = sourcecode.swift; path = TagLabel.swift; sourceTree = "<group>"; };
		1C6A3F2929E9AA0600D4E5E2 /* EmptyStateView.swift */ = {isa = PBXFileReference; lastKnownFileType = sourcecode.swift; path = EmptyStateView.swift; sourceTree = "<group>"; };
		1C6A3F2A29E9AA0600D4E5E2 /* GradientBackground.swift */ = {isa = PBXFileReference; lastKnownFileType = sourcecode.swift; path = GradientBackground.swift; sourceTree = "<group>"; };
		1C6A3F2B29E9AA0600D4E5E2 /* View+Extensions.swift */ = {isa = PBXFileReference; lastKnownFileType = sourcecode.swift; path = "View+Extensions.swift"; sourceTree = "<group>"; };
		1C6A3F2C29E9AA0600D4E5E2 /* LottieView.swift */ = {isa = PBXFileReference; lastKnownFileType = sourcecode.swift; path = LottieView.swift; sourceTree = "<group>"; };
		1C6A3F2D29E9AA0600D4E5E2 /* SkeletonLoadingView.swift */ = {isa = PBXFileReference; lastKnownFileType = sourcecode.swift; path = SkeletonLoadingView.swift; sourceTree = "<group>"; };
		1C6A3F2E29E9AA0600D4E5E2 /* CountingLabel.swift */ = {isa = PBXFileReference; lastKnownFileType = sourcecode.swift; path = CountingLabel.swift; sourceTree = "<group>"; };
		1C6A3F3829E9AA0600D4E5E2 /* DesignSystem.md */ = {isa = PBXFileReference; lastKnownFileType = net.daringfireball.markdown; path = DesignSystem.md; sourceTree = "<group>"; };
		1C6A3F3929E9AA0600D4E5E2 /* Animations.md */ = {isa = PBXFileReference; lastKnownFileType = net.daringfireball.markdown; path = Animations.md; sourceTree = "<group>"; };
		1DB1A10065E2449093928769CFB21E18 /* TotalAssetsCard.swift */ = {isa = PBXFileReference; lastKnownFileType = sourcecode.swift; path = TotalAssetsCard.swift; sourceTree = "<group>"; };
		253BE04036244FB7A944209C /* SettingsView.swift */ = {isa = PBXFileReference; lastKnownFileType = sourcecode.swift; path = SettingsView.swift; sourceTree = "<group>"; };
		2AF61E3B4F094389A3473FD1940600D6 /* BiometricAuthService.swift */ = {isa = PBXFileReference; lastKnownFileType = sourcecode.swift; path = BiometricAuthService.swift; sourceTree = "<group>"; };
		4D678B092EBC58A1004A18AD /* goalCelebration.json */ = {isa = PBXFileReference; lastKnownFileType = text.json; path = goalCelebration.json; sourceTree = "<group>"; };
		4D678B0A2EBC58A1004A18AD /* README.md */ = {isa = PBXFileReference; lastKnownFileType = net.daringfireball.markdown; path = README.md; sourceTree = "<group>"; };
		58A077D6A96E418DB9C4D3BA /* AccountsView.swift */ = {isa = PBXFileReference; lastKnownFileType = sourcecode.swift; path = AccountsView.swift; sourceTree = "<group>"; };
		5B8FE21A98C84314979F675A7A28D2EA /* NotificationSettingsView.swift */ = {isa = PBXFileReference; lastKnownFileType = sourcecode.swift; path = NotificationSettingsView.swift; sourceTree = "<group>"; };
		61394A8E7B4D42ACB10D000C /* HomeViewModel.swift */ = {isa = PBXFileReference; lastKnownFileType = sourcecode.swift; path = HomeViewModel.swift; sourceTree = "<group>"; };
		61F27D4ACE594A5A81AD30D6CF903346 /* KeychainService.swift */ = {isa = PBXFileReference; lastKnownFileType = sourcecode.swift; path = KeychainService.swift; sourceTree = "<group>"; };
		63F4FFB8550E4C22A212BF37 /* SettingsViewModel.swift */ = {isa = PBXFileReference; lastKnownFileType = sourcecode.swift; path = SettingsViewModel.swift; sourceTree = "<group>"; };
		7672247F661C4F17B0670CB987041C6C /* EditGoalView.swift */ = {isa = PBXFileReference; lastKnownFileType = sourcecode.swift; path = EditGoalView.swift; sourceTree = "<group>"; };
		84483826903C4CC39AB2C800 /* AccountService.swift */ = {isa = PBXFileReference; lastKnownFileType = sourcecode.swift; path = AccountService.swift; sourceTree = "<group>"; };
		86AA5C863C0147C3B12F62145E5BD739 /* Notifications.swift */ = {isa = PBXFileReference; lastKnownFileType = sourcecode.swift; path = Notifications.swift; sourceTree = "<group>"; };
		8D0842EFCED245C5BDE213CDB730B367 /* DataManagementService.swift */ = {isa = PBXFileReference; lastKnownFileType = sourcecode.swift; path = DataManagementService.swift; sourceTree = "<group>"; };
		8ECA8F0E87774C99A32C93DCF85A9971 /* CreateGoalView.swift */ = {isa = PBXFileReference; lastKnownFileType = sourcecode.swift; path = CreateGoalView.swift; sourceTree = "<group>"; };
		97673B92B8DA40A097DE0788 /* AccountsViewModel.swift */ = {isa = PBXFileReference; lastKnownFileType = sourcecode.swift; path = AccountsViewModel.swift; sourceTree = "<group>"; };
		98B2D5F36BF04A27B3CFC83B4519D635 /* GoalsListView.swift */ = {isa = PBXFileReference; lastKnownFileType = sourcecode.swift; path = GoalsListView.swift; sourceTree = "<group>"; };
		9BBAC6B117824ED8B1910C0C /* SavingGoalService.swift */ = {isa = PBXFileReference; lastKnownFileType = sourcecode.swift; path = SavingGoalService.swift; sourceTree = "<group>"; };
		A14E9788110C4A5893D3D6074B420489 /* InspirationalQuotes.swift */ = {isa = PBXFileReference; lastKnownFileType = sourcecode.swift; path = InspirationalQuotes.swift; sourceTree = "<group>"; };
		A5641F024EC14593AF522B030430AA79 /* ShareSheet.swift */ = {isa = PBXFileReference; lastKnownFileType = sourcecode.swift; path = ShareSheet.swift; sourceTree = "<group>"; };
		AD65376EF814426197D82FEAEA98A56A /* GoalDetailView.swift */ = {isa = PBXFileReference; lastKnownFileType = sourcecode.swift; path = GoalDetailView.swift; sourceTree = "<group>"; };
		B3E90DFA8A8C42D99C72AC52C2D7F847 /* CelebrationView.swift */ = {isa = PBXFileReference; lastKnownFileType = sourcecode.swift; path = CelebrationView.swift; sourceTree = "<group>"; };
		B7D351E2FAC94BC4B9B441B0A1497237 /* MonthlyTrendChart.swift */ = {isa = PBXFileReference; lastKnownFileType = sourcecode.swift; path = MonthlyTrendChart.swift; sourceTree = "<group>"; };
		BD0E682AA8AF40C6942EB4E3077F0046 /* AccountDetailView.swift */ = {isa = PBXFileReference; lastKnownFileType = sourcecode.swift; path = AccountDetailView.swift; sourceTree = "<group>"; };
		C9AF26A68950490B88A6F03B921D9A09 /* AccountsListView.swift */ = {isa = PBXFileReference; lastKnownFileType = sourcecode.swift; path = AccountsListView.swift; sourceTree = "<group>"; };
		D8CC8F525D2942388F79E766 /* NotificationService.swift */ = {isa = PBXFileReference; lastKnownFileType = sourcecode.swift; path = NotificationService.swift; sourceTree = "<group>"; };
		DA4EB803BDE7413D9A7DD307 /* AccountType.swift */ = {isa = PBXFileReference; lastKnownFileType = sourcecode.swift; path = AccountType.swift; sourceTree = "<group>"; };
		DB0C21D307E9453BB7D196183D51EAB2 /* AddAccountView.swift */ = {isa = PBXFileReference; lastKnownFileType = sourcecode.swift; path = AddAccountView.swift; sourceTree = "<group>"; };
		EA7B92E0EE134E73BEC5F4D7 /* SavingGoalsView.swift */ = {isa = PBXFileReference; lastKnownFileType = sourcecode.swift; path = SavingGoalsView.swift; sourceTree = "<group>"; };
		F723187B6C0F4D23BAACF5F2 /* GoalsViewModel.swift */ = {isa = PBXFileReference; lastKnownFileType = sourcecode.swift; path = GoalsViewModel.swift; sourceTree = "<group>"; };
/* End PBXFileReference section */

/* Begin PBXFrameworksBuildPhase section */
		1C6A3E5D29E9AA0000D4E5E2 /* Frameworks */ = {
			isa = PBXFrameworksBuildPhase;
			buildActionMask = 2147483647;
			files = (
				4D9FB41A2EB8A9A4003821A3 /* Lottie in Frameworks */,
				4D9FB41F2EB8A9DA003821A3 /* SkeletonView in Frameworks */,
				4D9FB4222EB8AB37003821A3 /* Lottie in Frameworks */,
			);
			runOnlyForDeploymentPostprocessing = 0;
		};
/* End PBXFrameworksBuildPhase section */

/* Begin PBXGroup section */
		1C6A3E9029E9AA0300D4E5E2 = {
			isa = PBXGroup;
			children = (
				4D678B0B2EBC58A1004A18AD /* Lottie */,
				1C6A3EB729E9AA0500D4E5E2 /* JellySave */,
				4D9FB4202EB8AB37003821A3 /* Frameworks */,
				1C6A3EA729E9AA0300D4E5E2 /* Products */,
			);
			sourceTree = "<group>";
		};
		1C6A3E9129E9AA0300D4E5E2 /* App */ = {
			isa = PBXGroup;
			children = (
				1C6A3E8029E9AA0200D4E5E2 /* JellySaveApp.swift */,
				1C6A3E8129E9AA0200D4E5E2 /* AppDelegate.swift */,
			);
			path = App;
			sourceTree = "<group>";
		};
		1C6A3E9229E9AA0300D4E5E2 /* Core */ = {
			isa = PBXGroup;
			children = (
				1C6A3E9329E9AA0300D4E5E2 /* Data */,
				1C6A3E9429E9AA0300D4E5E2 /* Services */,
			);
			path = Core;
			sourceTree = "<group>";
		};
		1C6A3E9329E9AA0300D4E5E2 /* Data */ = {
			isa = PBXGroup;
			children = (
				1C6A3E8329E9AA0200D4E5E2 /* CoreDataStack.swift */,
				E6DAC4F48F86469A82B1DB55 /* Model */,
			);
			path = Data;
			sourceTree = "<group>";
		};
		1C6A3E9429E9AA0300D4E5E2 /* Services */ = {
			isa = PBXGroup;
			children = (
				2AF61E3B4F094389A3473FD1940600D6 /* BiometricAuthService.swift */,
				61F27D4ACE594A5A81AD30D6CF903346 /* KeychainService.swift */,
				84483826903C4CC39AB2C800 /* AccountService.swift */,
				9BBAC6B117824ED8B1910C0C /* SavingGoalService.swift */,
				D8CC8F525D2942388F79E766 /* NotificationService.swift */,
				8D0842EFCED245C5BDE213CDB730B367 /* DataManagementService.swift */,
				1C6A3F2229E9AA0600D4E5E2 /* ThemeService.swift */,
			);
			path = Services;
			sourceTree = "<group>";
		};
		1C6A3E9529E9AA0300D4E5E2 /* Features */ = {
			isa = PBXGroup;
			children = (
				1C6A3E9629E9AA0300D4E5E2 /* Home */,
				1C6A3E9929E9AA0300D4E5E2 /* Accounts */,
				1C6A3E9C29E9AA0300D4E5E2 /* SavingGoals */,
				1C6A3E9F29E9AA0300D4E5E2 /* Settings */,
				38487218E1D846459E192E9E /* Root */,
			);
			path = Features;
			sourceTree = "<group>";
		};
		1C6A3E9629E9AA0300D4E5E2 /* Home */ = {
			isa = PBXGroup;
			children = (
				1C6A3E9729E9AA0300D4E5E2 /* Views */,
				1C6A3E9829E9AA0300D4E5E2 /* ViewModels */,
			);
			path = Home;
			sourceTree = "<group>";
		};
		1C6A3E9729E9AA0300D4E5E2 /* Views */ = {
			isa = PBXGroup;
			children = (
				1C6A3E8229E9AA0200D4E5E2 /* HomeView.swift */,
				1DB1A10065E2449093928769CFB21E18 /* TotalAssetsCard.swift */,
				B7D351E2FAC94BC4B9B441B0A1497237 /* MonthlyTrendChart.swift */,
			);
			path = Views;
			sourceTree = "<group>";
		};
		1C6A3E9829E9AA0300D4E5E2 /* ViewModels */ = {
			isa = PBXGroup;
			children = (
				61394A8E7B4D42ACB10D000C /* HomeViewModel.swift */,
			);
			path = ViewModels;
			sourceTree = "<group>";
		};
		1C6A3E9929E9AA0300D4E5E2 /* Accounts */ = {
			isa = PBXGroup;
			children = (
				1C6A3E9A29E9AA0300D4E5E2 /* Views */,
				1C6A3E9B29E9AA0300D4E5E2 /* ViewModels */,
			);
			path = Accounts;
			sourceTree = "<group>";
		};
		1C6A3E9A29E9AA0300D4E5E2 /* Views */ = {
			isa = PBXGroup;
			children = (
				58A077D6A96E418DB9C4D3BA /* AccountsView.swift */,
				C9AF26A68950490B88A6F03B921D9A09 /* AccountsListView.swift */,
				DB0C21D307E9453BB7D196183D51EAB2 /* AddAccountView.swift */,
				BD0E682AA8AF40C6942EB4E3077F0046 /* AccountDetailView.swift */,
			);
			path = Views;
			sourceTree = "<group>";
		};
		1C6A3E9B29E9AA0300D4E5E2 /* ViewModels */ = {
			isa = PBXGroup;
			children = (
				97673B92B8DA40A097DE0788 /* AccountsViewModel.swift */,
			);
			path = ViewModels;
			sourceTree = "<group>";
		};
		1C6A3E9C29E9AA0300D4E5E2 /* SavingGoals */ = {
			isa = PBXGroup;
			children = (
				1C6A3E9D29E9AA0300D4E5E2 /* Views */,
				1C6A3E9E29E9AA0300D4E5E2 /* ViewModels */,
			);
			path = SavingGoals;
			sourceTree = "<group>";
		};
		1C6A3E9D29E9AA0300D4E5E2 /* Views */ = {
			isa = PBXGroup;
			children = (
				EA7B92E0EE134E73BEC5F4D7 /* SavingGoalsView.swift */,
				98B2D5F36BF04A27B3CFC83B4519D635 /* GoalsListView.swift */,
				8ECA8F0E87774C99A32C93DCF85A9971 /* CreateGoalView.swift */,
				7672247F661C4F17B0670CB987041C6C /* EditGoalView.swift */,
				AD65376EF814426197D82FEAEA98A56A /* GoalDetailView.swift */,
				B3E90DFA8A8C42D99C72AC52C2D7F847 /* CelebrationView.swift */,
			);
			path = Views;
			sourceTree = "<group>";
		};
		1C6A3E9E29E9AA0300D4E5E2 /* ViewModels */ = {
			isa = PBXGroup;
			children = (
				F723187B6C0F4D23BAACF5F2 /* GoalsViewModel.swift */,
			);
			path = ViewModels;
			sourceTree = "<group>";
		};
		1C6A3E9F29E9AA0300D4E5E2 /* Settings */ = {
			isa = PBXGroup;
			children = (
				1C6A3EA029E9AA0300D4E5E2 /* Views */,
				1C6A3EA129E9AA0300D4E5E2 /* ViewModels */,
			);
			path = Settings;
			sourceTree = "<group>";
		};
		1C6A3EA029E9AA0300D4E5E2 /* Views */ = {
			isa = PBXGroup;
			children = (
				253BE04036244FB7A944209C /* SettingsView.swift */,
				5B8FE21A98C84314979F675A7A28D2EA /* NotificationSettingsView.swift */,
			);
			path = Views;
			sourceTree = "<group>";
		};
		1C6A3EA129E9AA0300D4E5E2 /* ViewModels */ = {
			isa = PBXGroup;
			children = (
				63F4FFB8550E4C22A212BF37 /* SettingsViewModel.swift */,
			);
			path = ViewModels;
			sourceTree = "<group>";
		};
		1C6A3EA229E9AA0300D4E5E2 /* Shared */ = {
			isa = PBXGroup;
			children = (
				1C6A3EA329E9AA0300D4E5E2 /* Components */,
				1C6A3EA429E9AA0300D4E5E2 /* Extensions */,
				1C6A3EA529E9AA0300D4E5E2 /* Utilities */,
			);
			path = Shared;
			sourceTree = "<group>";
		};
		1C6A3EA329E9AA0300D4E5E2 /* Components */ = {
			isa = PBXGroup;
			children = (
				1C6A3F3029E9AA0600D4E5E2 /* Buttons */,
				1C6A3F3129E9AA0600D4E5E2 /* Indicators */,
				1C6A3F3229E9AA0600D4E5E2 /* Containers */,
				1C6A3F3329E9AA0600D4E5E2 /* Inputs */,
				1C6A3F3429E9AA0600D4E5E2 /* Animations */,
				1C6A3F3529E9AA0600D4E5E2 /* Loading */,
				1C6A3F3629E9AA0600D4E5E2 /* Misc */,
			);
			path = Components;
			sourceTree = "<group>";
		};
		1C6A3EA429E9AA0300D4E5E2 /* Extensions */ = {
			isa = PBXGroup;
			children = (
				1C6A3F2029E9AA0600D4E5E2 /* Color+Theme.swift */,
				1C6A3F2729E9AA0600D4E5E2 /* NumberFormatter+Currency.swift */,
				1C6A3F2B29E9AA0600D4E5E2 /* View+Extensions.swift */,
			);
			path = Extensions;
			sourceTree = "<group>";
		};
		1C6A3EA529E9AA0300D4E5E2 /* Utilities */ = {
			isa = PBXGroup;
			children = (
				1C6A3E8429E9AA0200D4E5E2 /* JellySaveError.swift */,
				1C6A3F2129E9AA0600D4E5E2 /* Constants.swift */,
				A14E9788110C4A5893D3D6074B420489 /* InspirationalQuotes.swift */,
				86AA5C863C0147C3B12F62145E5BD739 /* Notifications.swift */,
			);
			path = Utilities;
			sourceTree = "<group>";
		};
		1C6A3EA629E9AA0300D4E5E2 /* Resources */ = {
			isa = PBXGroup;
			children = (
				1C6A3E8529E9AA0200D4E5E2 /* Info.plist */,
				1C6A3E8629E9AA0200D4E5E2 /* Assets.xcassets */,
			);
			path = Resources;
			sourceTree = "<group>";
		};
		1C6A3EA729E9AA0300D4E5E2 /* Products */ = {
			isa = PBXGroup;
			children = (
				1C6A3E8729E9AA0200D4E5E2 /* JellySave.app */,
			);
			name = Products;
			sourceTree = "<group>";
		};
		1C6A3EB729E9AA0500D4E5E2 /* JellySave */ = {
			isa = PBXGroup;
			children = (
				1C6A3E9129E9AA0300D4E5E2 /* App */,
				1C6A3E9229E9AA0300D4E5E2 /* Core */,
				1C6A3E9529E9AA0300D4E5E2 /* Features */,
				1C6A3EA229E9AA0300D4E5E2 /* Shared */,
				1C6A3F3729E9AA0600D4E5E2 /* docs */,
				1C6A3EA629E9AA0300D4E5E2 /* Resources */,
			);
			path = JellySave;
			sourceTree = "<group>";
		};
		1C6A3F3029E9AA0600D4E5E2 /* Buttons */ = {
			isa = PBXGroup;
			children = (
				1C6A3F2329E9AA0600D4E5E2 /* CustomButton.swift */,
			);
			path = Buttons;
			sourceTree = "<group>";
		};
		1C6A3F3129E9AA0600D4E5E2 /* Indicators */ = {
			isa = PBXGroup;
			children = (
				1C6A3F2429E9AA0600D4E5E2 /* ProgressRing.swift */,
			);
			path = Indicators;
			sourceTree = "<group>";
		};
		1C6A3F3229E9AA0600D4E5E2 /* Containers */ = {
			isa = PBXGroup;
			children = (
				1C6A3F2529E9AA0600D4E5E2 /* CardContainer.swift */,
			);
			path = Containers;
			sourceTree = "<group>";
		};
		1C6A3F3329E9AA0600D4E5E2 /* Inputs */ = {
			isa = PBXGroup;
			children = (
				1C6A3F2629E9AA0600D4E5E2 /* CurrencyTextField.swift */,
			);
			path = Inputs;
			sourceTree = "<group>";
		};
		1C6A3F3429E9AA0600D4E5E2 /* Animations */ = {
			isa = PBXGroup;
			children = (
				1C6A3F2C29E9AA0600D4E5E2 /* LottieView.swift */,
				1C6A3F2E29E9AA0600D4E5E2 /* CountingLabel.swift */,
			);
			path = Animations;
			sourceTree = "<group>";
		};
		1C6A3F3529E9AA0600D4E5E2 /* Loading */ = {
			isa = PBXGroup;
			children = (
				1C6A3F2D29E9AA0600D4E5E2 /* SkeletonLoadingView.swift */,
			);
			path = Loading;
			sourceTree = "<group>";
		};
		1C6A3F3629E9AA0600D4E5E2 /* Misc */ = {
			isa = PBXGroup;
			children = (
				1C6A3F2829E9AA0600D4E5E2 /* TagLabel.swift */,
				1C6A3F2929E9AA0600D4E5E2 /* EmptyStateView.swift */,
				1C6A3F2A29E9AA0600D4E5E2 /* GradientBackground.swift */,
				A5641F024EC14593AF522B030430AA79 /* ShareSheet.swift */,
			);
			path = Misc;
			sourceTree = "<group>";
		};
		1C6A3F3729E9AA0600D4E5E2 /* docs */ = {
			isa = PBXGroup;
			children = (
				1C6A3F3829E9AA0600D4E5E2 /* DesignSystem.md */,
				1C6A3F3929E9AA0600D4E5E2 /* Animations.md */,
			);
			path = docs;
			sourceTree = "<group>";
		};
		38487218E1D846459E192E9E /* Root */ = {
			isa = PBXGroup;
			children = (
				9751BF2D06204FC7B2358335 /* Views */,
			);
			path = Root;
			sourceTree = "<group>";
		};
		4D678B0B2EBC58A1004A18AD /* Lottie */ = {
			isa = PBXGroup;
			children = (
				4D678B092EBC58A1004A18AD /* goalCelebration.json */,
				4D678B0A2EBC58A1004A18AD /* README.md */,
			);
			name = Lottie;
			path = JellySave/Resources/Lottie;
			sourceTree = "<group>";
		};
		4D9FB4202EB8AB37003821A3 /* Frameworks */ = {
			isa = PBXGroup;
			children = (
			);
			name = Frameworks;
			sourceTree = "<group>";
		};
		9751BF2D06204FC7B2358335 /* Views */ = {
			isa = PBXGroup;
			children = (
				15B04B452D964393A320A2DB /* MainTabView.swift */,
			);
			path = Views;
			sourceTree = "<group>";
		};
		E6DAC4F48F86469A82B1DB55 /* Model */ = {
			isa = PBXGroup;
			children = (
				DA4EB803BDE7413D9A7DD307 /* AccountType.swift */,
				05BDE3A0ADB44919AEB86296 /* DataModels.swift */,
			);
			path = Model;
			sourceTree = "<group>";
		};
/* End PBXGroup section */

/* Begin PBXNativeTarget section */
		1C6A3E5B29E9AA0000D4E5E2 /* JellySave */ = {
			isa = PBXNativeTarget;
			buildConfigurationList = 1C6A3EB429E9AA0400D4E5E2 /* Build configuration list for PBXNativeTarget "JellySave" */;
			buildPhases = (
				1C6A3E5C29E9AA0000D4E5E2 /* Sources */,
				1C6A3E5D29E9AA0000D4E5E2 /* Frameworks */,
				1C6A3E5E29E9AA0000D4E5E2 /* Resources */,
			);
			buildRules = (
			);
			dependencies = (
			);
			name = JellySave;
			productName = JellySave;
			productReference = 1C6A3E8729E9AA0200D4E5E2 /* JellySave.app */;
			productType = "com.apple.product-type.application";
		};
/* End PBXNativeTarget section */

/* Begin PBXProject section */
		1C6A3EB029E9AA0400D4E5E2 /* Project object */ = {
			isa = PBXProject;
			attributes = {
				BuildIndependentTargetsInParallel = YES;
				LastSwiftUpdateCheck = 1500;
				LastUpgradeCheck = 1500;
				TargetAttributes = {
					1C6A3E5B29E9AA0000D4E5E2 = {
						CreatedOnToolsVersion = 15.0;
					};
				};
			};
			buildConfigurationList = 1C6A3EB129E9AA0400D4E5E2 /* Build configuration list for PBXProject "JellySave" */;
			compatibilityVersion = "Xcode 14.0";
			developmentRegion = en;
			hasScannedForEncodings = 0;
			knownRegions = (
				en,
				Base,
			);
			mainGroup = 1C6A3E9029E9AA0300D4E5E2;
			packageReferences = (
				4D9FB4182EB8A9A4003821A3 /* XCRemoteSwiftPackageReference "lottie-ios" */,
				4D9FB41D2EB8A9DA003821A3 /* XCRemoteSwiftPackageReference "SkeletonView" */,
			);
			productRefGroup = 1C6A3EA729E9AA0300D4E5E2 /* Products */;
			projectDirPath = "";
			projectRoot = "";
			targets = (
				1C6A3E5B29E9AA0000D4E5E2 /* JellySave */,
			);
		};
/* End PBXProject section */

/* Begin PBXResourcesBuildPhase section */
		1C6A3E5E29E9AA0000D4E5E2 /* Resources */ = {
			isa = PBXResourcesBuildPhase;
			buildActionMask = 2147483647;
			files = (
				4D678B0C2EBC58AA004A18AD /* goalCelebration.json in Resources */,
				1C6A3E7529E9AA0100D4E5E2 /* Assets.xcassets in Resources */,
			);
			runOnlyForDeploymentPostprocessing = 0;
		};
/* End PBXResourcesBuildPhase section */

/* Begin PBXSourcesBuildPhase section */
		1C6A3E5C29E9AA0000D4E5E2 /* Sources */ = {
			isa = PBXSourcesBuildPhase;
			buildActionMask = 2147483647;
			files = (
				CF2A46077A244382ABE58C50 /* SettingsViewModel.swift in Sources */,
				A195FB9DCF564866A88904AA /* GoalsViewModel.swift in Sources */,
				6F4B942D13194EB3A256ECA1 /* AccountsViewModel.swift in Sources */,
				C312A1D008224E84BCE4AF72 /* HomeViewModel.swift in Sources */,
				FE46982AF57D48F182637A9A /* NotificationService.swift in Sources */,
				7EEC386805BF41F8BCF793B113CAC400 /* BiometricAuthService.swift in Sources */,
				022163AE04F74A40ADD532C98CBB222A /* KeychainService.swift in Sources */,
				90C59A0498884863AFF662AD /* SavingGoalService.swift in Sources */,
				AF4E11EA40E24990BAE6169A /* AccountService.swift in Sources */,
				A399B1F275AC46A4BDB615AE /* AccountType.swift in Sources */,
				AE1929DEA7B94F19AC0C7D68 /* DataModels.swift in Sources */,
				AA1EDE2BFDF044D1BA89C26211EF4FD0 /* DataManagementService.swift in Sources */,
				D4E33AE2A15641D290F47357D57C3EF0 /* Notifications.swift in Sources */,
				CDD06659BB7C4A64A15212E9D3A976A9 /* InspirationalQuotes.swift in Sources */,
				4D12282A193E49FD8B381857FD514487 /* ShareSheet.swift in Sources */,
				747130AB8EB84D54B00439DED8DBE2F4 /* EditGoalView.swift in Sources */,
				143734D90A314F9A8F7E2C8B /* MainTabView.swift in Sources */,
				1C6A3F0E29E9AA0600D4E5E2 /* CountingLabel.swift in Sources */,
				1C6A3F0D29E9AA0600D4E5E2 /* SkeletonLoadingView.swift in Sources */,
				1C6A3F0C29E9AA0600D4E5E2 /* LottieView.swift in Sources */,
				1C6A3F0B29E9AA0600D4E5E2 /* View+Extensions.swift in Sources */,
				1C6A3F0A29E9AA0600D4E5E2 /* GradientBackground.swift in Sources */,
				1C6A3F0929E9AA0600D4E5E2 /* EmptyStateView.swift in Sources */,
				1C6A3F0829E9AA0600D4E5E2 /* TagLabel.swift in Sources */,
				1C6A3F0729E9AA0600D4E5E2 /* NumberFormatter+Currency.swift in Sources */,
				1C6A3F0629E9AA0600D4E5E2 /* CurrencyTextField.swift in Sources */,
				1C6A3F0529E9AA0600D4E5E2 /* CardContainer.swift in Sources */,
				1C6A3F0429E9AA0600D4E5E2 /* ProgressRing.swift in Sources */,
				1C6A3F0329E9AA0600D4E5E2 /* CustomButton.swift in Sources */,
				1C6A3F0229E9AA0600D4E5E2 /* ThemeService.swift in Sources */,
				1C6A3F0129E9AA0600D4E5E2 /* Constants.swift in Sources */,
				1C6A3F0029E9AA0600D4E5E2 /* Color+Theme.swift in Sources */,
				1C6A3E7429E9AA0100D4E5E2 /* JellySaveError.swift in Sources */,
				1C6A3E7329E9AA0100D4E5E2 /* CoreDataStack.swift in Sources */,
				87C6FACCBAE64443B81780B502318755 /* TotalAssetsCard.swift in Sources */,
				1838EA2FBBDD4345B9ABFBEE90DD85A5 /* MonthlyTrendChart.swift in Sources */,
				1C6A3E7229E9AA0100D4E5E2 /* HomeView.swift in Sources */,
				672928F4AA854D8CAA201DE509E238EA /* AccountsListView.swift in Sources */,
				4AB2F6F89F4C4C52AFCC78C1C7CF426C /* AddAccountView.swift in Sources */,
				EE651719DE0D48D5B837181E5F5446EB /* AccountDetailView.swift in Sources */,
				191EB9443F5548B385586B56 /* AccountsView.swift in Sources */,
				81BE73E77BEF4B8FA884813EDF8E9D18 /* GoalsListView.swift in Sources */,
				C8718432FA894D1E8D410A872B37B48F /* CreateGoalView.swift in Sources */,
				C35934B850854BB09EF230BA660FC1C6 /* GoalDetailView.swift in Sources */,
				C514CFFB489C47AC81EC2669E3654835 /* CelebrationView.swift in Sources */,
				B32D227610674DFA9573E3B2 /* SavingGoalsView.swift in Sources */,
				67AEE6D2DB6C436ABAE1C2939267C0B6 /* NotificationSettingsView.swift in Sources */,
				CE181B6F447C47EFAB9A3CBD /* SettingsView.swift in Sources */,
				1C6A3E7129E9AA0100D4E5E2 /* AppDelegate.swift in Sources */,
				1C6A3E7029E9AA0100D4E5E2 /* JellySaveApp.swift in Sources */,
			);
			runOnlyForDeploymentPostprocessing = 0;
		};
/* End PBXSourcesBuildPhase section */

/* Begin XCBuildConfiguration section */
		1C6A3EB229E9AA0400D4E5E2 /* Debug */ = {
			isa = XCBuildConfiguration;
			buildSettings = {
				ALWAYS_SEARCH_USER_PATHS = NO;
				CLANG_ANALYZER_NONNULL = YES;
				CLANG_ANALYZER_NUMBER_OBJECT_CONVERSION = YES_AGGRESSIVE;
				CLANG_CXX_LANGUAGE_STANDARD = "gnu++20";
				CLANG_CXX_LIBRARY = "libc++";
				CLANG_ENABLE_MODULES = YES;
				CLANG_ENABLE_OBJC_ARC = YES;
				CLANG_WARN_BLOCK_CAPTURE_AUTORELEASING = YES;
				CLANG_WARN_BOOL_CONVERSION = YES;
				CLANG_WARN_COMMA = YES;
				CLANG_WARN_CONSTANT_CONVERSION = YES;
				CLANG_WARN_DEPRECATED_OBJC_IMPLEMENTATIONS = YES;
				CLANG_WARN_DIRECT_OBJC_ISA_USAGE = YES_ERROR;
				CLANG_WARN_DOCUMENTATION_COMMENTS = YES;
				CLANG_WARN_EMPTY_BODY = YES;
				CLANG_WARN_ENUM_CONVERSION = YES;
				CLANG_WARN_INFINITE_RECURSION = YES;
				CLANG_WARN_INT_CONVERSION = YES;
				CLANG_WARN_NON_LITERAL_NULL_CONVERSION = YES;
				CLANG_WARN_OBJC_IMPLICIT_RETAIN_SELF = YES;
				CLANG_WARN_OBJC_LITERAL_CONVERSION = YES;
				CLANG_WARN_QUOTED_INCLUDE_IN_FRAMEWORK_HEADER = YES;
				CLANG_WARN_RANGE_LOOP_ANALYSIS = YES;
				CLANG_WARN_STRICT_PROTOTYPES = YES;
				CLANG_WARN_SUSPICIOUS_MOVE = YES;
				CLANG_WARN_UNGUARDED_AVAILABILITY = YES_AGGRESSIVE;
				CLANG_WARN_UNREACHABLE_CODE = YES;
				CLANG_WARN__DUPLICATE_METHOD_MATCH = YES;
				CODE_SIGN_STYLE = Automatic;
				COPY_PHASE_STRIP = NO;
				DEBUG_INFORMATION_FORMAT = dwarf;
				ENABLE_STRICT_OBJC_MSGSEND = YES;
				ENABLE_TESTABILITY = YES;
				GCC_C_LANGUAGE_STANDARD = gnu11;
				GCC_DYNAMIC_NO_PIC = NO;
				GCC_NO_COMMON_BLOCKS = YES;
				GCC_OPTIMIZATION_LEVEL = 0;
				GCC_PREPROCESSOR_DEFINITIONS = (
					"DEBUG=1",
					"$(inherited)",
				);
				GCC_WARN_64_TO_32_BIT_CONVERSION = YES;
				GCC_WARN_ABOUT_RETURN_TYPE = YES_ERROR;
				GCC_WARN_UNDECLARED_SELECTOR = YES;
				GCC_WARN_UNINITIALIZED_AUTOS = YES_AGGRESSIVE;
				GCC_WARN_UNUSED_FUNCTION = YES;
				GCC_WARN_UNUSED_VARIABLE = YES;
				IPHONEOS_DEPLOYMENT_TARGET = 16.0;
				LD_RUNPATH_SEARCH_PATHS = (
					"$(inherited)",
					"@executable_path/Frameworks",
				);
				MTL_ENABLE_DEBUG_INFO = INCLUDE_SOURCE;
				MTL_FAST_MATH = YES;
				ONLY_ACTIVE_ARCH = YES;
				SDKROOT = iphoneos;
				SWIFT_ACTIVE_COMPILATION_CONDITIONS = DEBUG;
				SWIFT_OPTIMIZATION_LEVEL = "-Onone";
				SWIFT_VERSION = 5.0;
				TARGETED_DEVICE_FAMILY = 1;
			};
			name = Debug;
		};
		1C6A3EB329E9AA0400D4E5E2 /* Release */ = {
			isa = XCBuildConfiguration;
			buildSettings = {
				ALWAYS_SEARCH_USER_PATHS = NO;
				CLANG_ANALYZER_NONNULL = YES;
				CLANG_ANALYZER_NUMBER_OBJECT_CONVERSION = YES_AGGRESSIVE;
				CLANG_CXX_LANGUAGE_STANDARD = "gnu++20";
				CLANG_CXX_LIBRARY = "libc++";
				CLANG_ENABLE_MODULES = YES;
				CLANG_ENABLE_OBJC_ARC = YES;
				CLANG_WARN_BLOCK_CAPTURE_AUTORELEASING = YES;
				CLANG_WARN_BOOL_CONVERSION = YES;
				CLANG_WARN_COMMA = YES;
				CLANG_WARN_CONSTANT_CONVERSION = YES;
				CLANG_WARN_DEPRECATED_OBJC_IMPLEMENTATIONS = YES;
				CLANG_WARN_DIRECT_OBJC_ISA_USAGE = YES_ERROR;
				CLANG_WARN_DOCUMENTATION_COMMENTS = YES;
				CLANG_WARN_EMPTY_BODY = YES;
				CLANG_WARN_ENUM_CONVERSION = YES;
				CLANG_WARN_INFINITE_RECURSION = YES;
				CLANG_WARN_INT_CONVERSION = YES;
				CLANG_WARN_NON_LITERAL_NULL_CONVERSION = YES;
				CLANG_WARN_OBJC_IMPLICIT_RETAIN_SELF = YES;
				CLANG_WARN_OBJC_LITERAL_CONVERSION = YES;
				CLANG_WARN_QUOTED_INCLUDE_IN_FRAMEWORK_HEADER = YES;
				CLANG_WARN_RANGE_LOOP_ANALYSIS = YES;
				CLANG_WARN_STRICT_PROTOTYPES = YES;
				CLANG_WARN_SUSPICIOUS_MOVE = YES;
				CLANG_WARN_UNGUARDED_AVAILABILITY = YES_AGGRESSIVE;
				CLANG_WARN_UNREACHABLE_CODE = YES;
				CLANG_WARN__DUPLICATE_METHOD_MATCH = YES;
				CODE_SIGN_STYLE = Automatic;
				COPY_PHASE_STRIP = NO;
				DEBUG_INFORMATION_FORMAT = "dwarf-with-dsym";
				ENABLE_NS_ASSERTIONS = NO;
				ENABLE_STRICT_OBJC_MSGSEND = YES;
				GCC_C_LANGUAGE_STANDARD = gnu11;
				GCC_NO_COMMON_BLOCKS = YES;
				GCC_WARN_64_TO_32_BIT_CONVERSION = YES;
				GCC_WARN_ABOUT_RETURN_TYPE = YES_ERROR;
				GCC_WARN_UNDECLARED_SELECTOR = YES;
				GCC_WARN_UNINITIALIZED_AUTOS = YES_AGGRESSIVE;
				GCC_WARN_UNUSED_FUNCTION = YES;
				GCC_WARN_UNUSED_VARIABLE = YES;
				IPHONEOS_DEPLOYMENT_TARGET = 16.0;
				LD_RUNPATH_SEARCH_PATHS = (
					"$(inherited)",
					"@executable_path/Frameworks",
				);
				MTL_ENABLE_DEBUG_INFO = NO;
				MTL_FAST_MATH = YES;
				SDKROOT = iphoneos;
				SWIFT_COMPILATION_MODE = wholemodule;
				SWIFT_OPTIMIZATION_LEVEL = "-O";
				SWIFT_VERSION = 5.0;
				TARGETED_DEVICE_FAMILY = 1;
				VALIDATE_PRODUCT = YES;
			};
			name = Release;
		};
		1C6A3EB529E9AA0400D4E5E2 /* Debug */ = {
			isa = XCBuildConfiguration;
			buildSettings = {
				ASSETCATALOG_COMPILER_APPICON_NAME = AppIcon;
				ASSETCATALOG_COMPILER_INCLUDE_ALL_APPICON_ASSETS = YES;
				CODE_SIGN_STYLE = Automatic;
				CURRENT_PROJECT_VERSION = 1;
				DEVELOPMENT_TEAM = "";
				GENERATE_INFOPLIST_FILE = NO;
				INFOPLIST_FILE = JellySave/Resources/Info.plist;
				IPHONEOS_DEPLOYMENT_TARGET = 16.0;
				LD_RUNPATH_SEARCH_PATHS = (
					"$(inherited)",
					"@executable_path/Frameworks",
				);
				MARKETING_VERSION = 1.0;
				PRODUCT_BUNDLE_IDENTIFIER = com.example.JellySave;
				PRODUCT_NAME = "$(TARGET_NAME)";
				SUPPORTS_MACCATALYST = NO;
				SWIFT_EMIT_LOC_STRINGS = YES;
				SWIFT_VERSION = 5.0;
				TARGETED_DEVICE_FAMILY = 1;
			};
			name = Debug;
		};
		1C6A3EB629E9AA0400D4E5E2 /* Release */ = {
			isa = XCBuildConfiguration;
			buildSettings = {
				ASSETCATALOG_COMPILER_APPICON_NAME = AppIcon;
				ASSETCATALOG_COMPILER_INCLUDE_ALL_APPICON_ASSETS = YES;
				CODE_SIGN_STYLE = Automatic;
				CURRENT_PROJECT_VERSION = 1;
				DEVELOPMENT_TEAM = "";
				GENERATE_INFOPLIST_FILE = NO;
				INFOPLIST_FILE = JellySave/Resources/Info.plist;
				IPHONEOS_DEPLOYMENT_TARGET = 16.0;
				LD_RUNPATH_SEARCH_PATHS = (
					"$(inherited)",
					"@executable_path/Frameworks",
				);
				MARKETING_VERSION = 1.0;
				PRODUCT_BUNDLE_IDENTIFIER = com.example.JellySave;
				PRODUCT_NAME = "$(TARGET_NAME)";
				SUPPORTS_MACCATALYST = NO;
				SWIFT_EMIT_LOC_STRINGS = YES;
				SWIFT_VERSION = 5.0;
				TARGETED_DEVICE_FAMILY = 1;
			};
			name = Release;
		};
/* End XCBuildConfiguration section */

/* Begin XCConfigurationList section */
		1C6A3EB129E9AA0400D4E5E2 /* Build configuration list for PBXProject "JellySave" */ = {
			isa = XCConfigurationList;
			buildConfigurations = (
				1C6A3EB229E9AA0400D4E5E2 /* Debug */,
				1C6A3EB329E9AA0400D4E5E2 /* Release */,
			);
			defaultConfigurationIsVisible = 0;
			defaultConfigurationName = Release;
		};
		1C6A3EB429E9AA0400D4E5E2 /* Build configuration list for PBXNativeTarget "JellySave" */ = {
			isa = XCConfigurationList;
			buildConfigurations = (
				1C6A3EB529E9AA0400D4E5E2 /* Debug */,
				1C6A3EB629E9AA0400D4E5E2 /* Release */,
			);
			defaultConfigurationIsVisible = 0;
			defaultConfigurationName = Release;
		};
/* End XCConfigurationList section */

/* Begin XCRemoteSwiftPackageReference section */
		4D9FB4182EB8A9A4003821A3 /* XCRemoteSwiftPackageReference "lottie-ios" */ = {
			isa = XCRemoteSwiftPackageReference;
			repositoryURL = "https://github.com/airbnb/lottie-ios";
			requirement = {
				kind = upToNextMajorVersion;
				minimumVersion = 4.5.2;
			};
		};
		4D9FB41D2EB8A9DA003821A3 /* XCRemoteSwiftPackageReference "SkeletonView" */ = {
			isa = XCRemoteSwiftPackageReference;
			repositoryURL = "https://github.com/Juanpe/SkeletonView";
			requirement = {
				kind = upToNextMajorVersion;
				minimumVersion = 1.31.0;
			};
		};
/* End XCRemoteSwiftPackageReference section */

/* Begin XCSwiftPackageProductDependency section */
		4D9FB4192EB8A9A4003821A3 /* Lottie */ = {
			isa = XCSwiftPackageProductDependency;
			package = 4D9FB4182EB8A9A4003821A3 /* XCRemoteSwiftPackageReference "lottie-ios" */;
			productName = Lottie;
		};
		4D9FB41E2EB8A9DA003821A3 /* SkeletonView */ = {
			isa = XCSwiftPackageProductDependency;
			package = 4D9FB41D2EB8A9DA003821A3 /* XCRemoteSwiftPackageReference "SkeletonView" */;
			productName = SkeletonView;
		};
		4D9FB4212EB8AB37003821A3 /* Lottie */ = {
			isa = XCSwiftPackageProductDependency;
			package = 4D9FB4182EB8A9A4003821A3 /* XCRemoteSwiftPackageReference "lottie-ios" */;
			productName = Lottie;
		};
/* End XCSwiftPackageProductDependency section */
	};
	rootObject = 1C6A3EB029E9AA0400D4E5E2 /* Project object */;
}
