// !$*UTF8*$!
{
	archiveVersion = 1;
	classes = {
	};
	objectVersion = 56;
	objects = {

/* Begin PBXBuildFile section */
		5B06A5A128F8471D00A1D2F6 /* JellySaveApp.swift in Sources */ = {isa = PBXBuildFile; fileRef = 5B06A59A28F8471D00A1D2F6 /* JellySaveApp.swift */; };
		5B06A5A228F8471D00A1D2F6 /* AppDelegate.swift in Sources */ = {isa = PBXBuildFile; fileRef = 5B06A59B28F8471D00A1D2F6 /* AppDelegate.swift */; };
		5B06A5A528F8471D00A1D2F6 /* Assets.xcassets in Resources */ = {isa = PBXBuildFile; fileRef = 5B06A59F28F8471D00A1D2F6 /* Assets.xcassets */; };
		5B06A5A728F8471D00A1D2F6 /* Preview Assets.xcassets in Resources */ = {isa = PBXBuildFile; fileRef = 5B06A5A328F8471D00A1D2F6 /* Preview Assets.xcassets */; };
		5B9AB0012F6D0C3A00F5C1A1 /* Color+Theme.swift in Sources */ = {isa = PBXBuildFile; fileRef = 5B9AA0012F6D0C3A00F5C1A1 /* Color+Theme.swift */; };
		5B9AB0022F6D0C3A00F5C1A1 /* Constants.swift in Sources */ = {isa = PBXBuildFile; fileRef = 5B9AA0022F6D0C3A00F5C1A1 /* Constants.swift */; };
		5B9AB0032F6D0C3A00F5C1A1 /* View+Extensions.swift in Sources */ = {isa = PBXBuildFile; fileRef = 5B9AA0032F6D0C3A00F5C1A1 /* View+Extensions.swift */; };
		5B9AB0042F6D0C3A00F5C1A1 /* NumberFormatter+Currency.swift in Sources */ = {isa = PBXBuildFile; fileRef = 5B9AA0042F6D0C3A00F5C1A1 /* NumberFormatter+Currency.swift */; };
		5B9AB0052F6D0C3A00F5C1A1 /* CustomButton.swift in Sources */ = {isa = PBXBuildFile; fileRef = 5B9AA0052F6D0C3A00F5C1A1 /* CustomButton.swift */; };
		5B9AB0062F6D0C3A00F5C1A1 /* CurrencyTextField.swift in Sources */ = {isa = PBXBuildFile; fileRef = 5B9AA0062F6D0C3A00F5C1A1 /* CurrencyTextField.swift */; };
		5B9AB0072F6D0C3A00F5C1A1 /* ProgressRing.swift in Sources */ = {isa = PBXBuildFile; fileRef = 5B9AA0072F6D0C3A00F5C1A1 /* ProgressRing.swift */; };
		5B9AB0082F6D0C3A00F5C1A1 /* CardContainer.swift in Sources */ = {isa = PBXBuildFile; fileRef = 5B9AA0082F6D0C3A00F5C1A1 /* CardContainer.swift */; };
		5B9AB0092F6D0C3A00F5C1A1 /* GradientBackground.swift in Sources */ = {isa = PBXBuildFile; fileRef = 5B9AA0092F6D0C3A00F5C1A1 /* GradientBackground.swift */; };
		5B9AB00A2F6D0C3A00F5C1A1 /* HomeView.swift in Sources */ = {isa = PBXBuildFile; fileRef = 5B9AA00A2F6D0C3A00F5C1A1 /* HomeView.swift */; };
		5B9AB00B2F6D0C3A00F5C1A1 /* AccountsListView.swift in Sources */ = {isa = PBXBuildFile; fileRef = 5B9AA00B2F6D0C3A00F5C1A1 /* AccountsListView.swift */; };
		5B9AB00C2F6D0C3A00F5C1A1 /* GoalsListView.swift in Sources */ = {isa = PBXBuildFile; fileRef = 5B9AA00C2F6D0C3A00F5C1A1 /* GoalsListView.swift */; };
		5B9AB00D2F6D0C3A00F5C1A1 /* SettingsView.swift in Sources */ = {isa = PBXBuildFile; fileRef = 5B9AA00D2F6D0C3A00F5C1A1 /* SettingsView.swift */; };
/* End PBXBuildFile section */

/* Begin PBXFileReference section */
		5B06A59628F8471C00A1D2F6 /* JellySave.app */ = {isa = PBXFileReference; explicitFileType = wrapper.application; includeInIndex = 0; path = JellySave.app; sourceTree = BUILT_PRODUCTS_DIR; };
		5B06A59A28F8471D00A1D2F6 /* JellySaveApp.swift */ = {isa = PBXFileReference; lastKnownFileType = sourcecode.swift; path = JellySaveApp.swift; sourceTree = "<group>"; };
		5B06A59B28F8471D00A1D2F6 /* AppDelegate.swift */ = {isa = PBXFileReference; lastKnownFileType = sourcecode.swift; path = AppDelegate.swift; sourceTree = "<group>"; };
		5B06A59E28F8471D00A1D2F6 /* Info.plist */ = {isa = PBXFileReference; lastKnownFileType = text.plist.xml; path = Info.plist; sourceTree = "<group>"; };
		5B06A59F28F8471D00A1D2F6 /* Assets.xcassets */ = {isa = PBXFileReference; lastKnownFileType = folder.assetcatalog; path = Assets.xcassets; sourceTree = "<group>"; };
		5B06A5A328F8471D00A1D2F6 /* Preview Assets.xcassets */ = {isa = PBXFileReference; lastKnownFileType = folder.assetcatalog; path = "Preview Assets.xcassets"; sourceTree = "<group>"; };
		5B9AA0012F6D0C3A00F5C1A1 /* Color+Theme.swift */ = {isa = PBXFileReference; lastKnownFileType = sourcecode.swift; path = "Color+Theme.swift"; sourceTree = "<group>"; };
		5B9AA0022F6D0C3A00F5C1A1 /* Constants.swift */ = {isa = PBXFileReference; lastKnownFileType = sourcecode.swift; path = Constants.swift; sourceTree = "<group>"; };
		5B9AA0032F6D0C3A00F5C1A1 /* View+Extensions.swift */ = {isa = PBXFileReference; lastKnownFileType = sourcecode.swift; path = "View+Extensions.swift"; sourceTree = "<group>"; };
		5B9AA0042F6D0C3A00F5C1A1 /* NumberFormatter+Currency.swift */ = {isa = PBXFileReference; lastKnownFileType = sourcecode.swift; path = "NumberFormatter+Currency.swift"; sourceTree = "<group>"; };
		5B9AA0052F6D0C3A00F5C1A1 /* CustomButton.swift */ = {isa = PBXFileReference; lastKnownFileType = sourcecode.swift; path = CustomButton.swift; sourceTree = "<group>"; };
		5B9AA0062F6D0C3A00F5C1A1 /* CurrencyTextField.swift */ = {isa = PBXFileReference; lastKnownFileType = sourcecode.swift; path = CurrencyTextField.swift; sourceTree = "<group>"; };
		5B9AA0072F6D0C3A00F5C1A1 /* ProgressRing.swift */ = {isa = PBXFileReference; lastKnownFileType = sourcecode.swift; path = ProgressRing.swift; sourceTree = "<group>"; };
		5B9AA0082F6D0C3A00F5C1A1 /* CardContainer.swift */ = {isa = PBXFileReference; lastKnownFileType = sourcecode.swift; path = CardContainer.swift; sourceTree = "<group>"; };
		5B9AA0092F6D0C3A00F5C1A1 /* GradientBackground.swift */ = {isa = PBXFileReference; lastKnownFileType = sourcecode.swift; path = GradientBackground.swift; sourceTree = "<group>"; };
		5B9AA00A2F6D0C3A00F5C1A1 /* HomeView.swift */ = {isa = PBXFileReference; lastKnownFileType = sourcecode.swift; path = HomeView.swift; sourceTree = "<group>"; };
		5B9AA00B2F6D0C3A00F5C1A1 /* AccountsListView.swift */ = {isa = PBXFileReference; lastKnownFileType = sourcecode.swift; path = AccountsListView.swift; sourceTree = "<group>"; };
		5B9AA00C2F6D0C3A00F5C1A1 /* GoalsListView.swift */ = {isa = PBXFileReference; lastKnownFileType = sourcecode.swift; path = GoalsListView.swift; sourceTree = "<group>"; };
		5B9AA00D2F6D0C3A00F5C1A1 /* SettingsView.swift */ = {isa = PBXFileReference; lastKnownFileType = sourcecode.swift; path = SettingsView.swift; sourceTree = "<group>"; };
/* End PBXFileReference section */

/* Begin PBXFrameworksBuildPhase section */
		5B06A5AA28F8471D00A1D2F6 /* Frameworks */ = {
			isa = PBXFrameworksBuildPhase;
			buildActionMask = 2147483647;
			files = (
			);
			runOnlyForDeploymentPostprocessing = 0;
		};
/* End PBXFrameworksBuildPhase section */

/* Begin PBXGroup section */
		5B06A59028F8471C00A1D2F6 = {
			isa = PBXGroup;
			children = (
				5B06A59C28F8471D00A1D2F6 /* JellySave */,
				5B06A59728F8471C00A1D2F6 /* Products */,
			);
			sourceTree = "<group>";
		};
		5B06A59728F8471C00A1D2F6 /* Products */ = {
			isa = PBXGroup;
			children = (
				5B06A59628F8471C00A1D2F6 /* JellySave.app */,
			);
			name = Products;
			sourceTree = "<group>";
		};
		5B06A59C28F8471D00A1D2F6 /* JellySave */ = {
			isa = PBXGroup;
			children = (
				5B06A59D28F8471D00A1D2F6 /* App */,
				5B9AC0002F6D0C3A00F5C1A1 /* Shared */,
				5B9AC0102F6D0C3A00F5C1A1 /* Features */,
				5B06A5A028F8471D00A1D2F6 /* Resources */,
			);
			path = JellySave;
			sourceTree = "<group>";
		};
		5B06A59D28F8471D00A1D2F6 /* App */ = {
			isa = PBXGroup;
			children = (
				5B06A59A28F8471D00A1D2F6 /* JellySaveApp.swift */,
				5B06A59B28F8471D00A1D2F6 /* AppDelegate.swift */,
			);
			path = App;
			sourceTree = "<group>";
		};
		5B06A5A028F8471D00A1D2F6 /* Resources */ = {
			isa = PBXGroup;
			children = (
				5B06A59F28F8471D00A1D2F6 /* Assets.xcassets */,
				5B06A59E28F8471D00A1D2F6 /* Info.plist */,
				5B06A5A428F8471D00A1D2F6 /* Preview Content */,
			);
			path = Resources;
			sourceTree = "<group>";
		};
		5B06A5A428F8471D00A1D2F6 /* Preview Content */ = {
			isa = PBXGroup;
			children = (
				5B06A5A328F8471D00A1D2F6 /* Preview Assets.xcassets */,
			);
			path = "Preview Content";
			sourceTree = "<group>";
		};
		5B9AC0002F6D0C3A00F5C1A1 /* Shared */ = {
			isa = PBXGroup;
			children = (
				5B9AC0012F6D0C3A00F5C1A1 /* Extensions */,
				5B9AC0032F6D0C3A00F5C1A1 /* Components */,
				5B9AC0022F6D0C3A00F5C1A1 /* Utilities */,
			);
			path = Shared;
			sourceTree = "<group>";
		};
		5B9AC0012F6D0C3A00F5C1A1 /* Extensions */ = {
			isa = PBXGroup;
			children = (
				5B9AA0012F6D0C3A00F5C1A1 /* Color+Theme.swift */,
				5B9AA0032F6D0C3A00F5C1A1 /* View+Extensions.swift */,
				5B9AA0042F6D0C3A00F5C1A1 /* NumberFormatter+Currency.swift */,
			);
			path = Extensions;
			sourceTree = "<group>";
		};
		5B9AC0022F6D0C3A00F5C1A1 /* Utilities */ = {
			isa = PBXGroup;
			children = (
				5B9AA0022F6D0C3A00F5C1A1 /* Constants.swift */,
			);
			path = Utilities;
			sourceTree = "<group>";
		};
		5B9AC0032F6D0C3A00F5C1A1 /* Components */ = {
			isa = PBXGroup;
			children = (
				5B9AA0052F6D0C3A00F5C1A1 /* CustomButton.swift */,
				5B9AA0062F6D0C3A00F5C1A1 /* CurrencyTextField.swift */,
				5B9AA0072F6D0C3A00F5C1A1 /* ProgressRing.swift */,
				5B9AA0082F6D0C3A00F5C1A1 /* CardContainer.swift */,
				5B9AA0092F6D0C3A00F5C1A1 /* GradientBackground.swift */,
			);
			path = Components;
			sourceTree = "<group>";
		};
		5B9AC0102F6D0C3A00F5C1A1 /* Features */ = {
			isa = PBXGroup;
			children = (
				5B9AC0112F6D0C3A00F5C1A1 /* Home */,
				5B9AC0132F6D0C3A00F5C1A1 /* Accounts */,
				5B9AC0152F6D0C3A00F5C1A1 /* SavingGoals */,
				5B9AC0172F6D0C3A00F5C1A1 /* Settings */,
			);
			path = Features;
			sourceTree = "<group>";
		};
		5B9AC0112F6D0C3A00F5C1A1 /* Home */ = {
			isa = PBXGroup;
			children = (
				5B9AC0122F6D0C3A00F5C1A1 /* Views */,
			);
			path = Home;
			sourceTree = "<group>";
		};
		5B9AC0122F6D0C3A00F5C1A1 /* Views */ = {
			isa = PBXGroup;
			children = (
				5B9AA00A2F6D0C3A00F5C1A1 /* HomeView.swift */,
			);
			path = Views;
			sourceTree = "<group>";
		};
		5B9AC0132F6D0C3A00F5C1A1 /* Accounts */ = {
			isa = PBXGroup;
			children = (
				5B9AC0142F6D0C3A00F5C1A1 /* Views */,
			);
			path = Accounts;
			sourceTree = "<group>";
		};
		5B9AC0142F6D0C3A00F5C1A1 /* Views */ = {
			isa = PBXGroup;
			children = (
				5B9AA00B2F6D0C3A00F5C1A1 /* AccountsListView.swift */,
			);
			path = Views;
			sourceTree = "<group>";
		};
		5B9AC0152F6D0C3A00F5C1A1 /* SavingGoals */ = {
			isa = PBXGroup;
			children = (
				5B9AC0162F6D0C3A00F5C1A1 /* Views */,
			);
			path = SavingGoals;
			sourceTree = "<group>";
		};
		5B9AC0162F6D0C3A00F5C1A1 /* Views */ = {
			isa = PBXGroup;
			children = (
				5B9AA00C2F6D0C3A00F5C1A1 /* GoalsListView.swift */,
			);
			path = Views;
			sourceTree = "<group>";
		};
		5B9AC0172F6D0C3A00F5C1A1 /* Settings */ = {
			isa = PBXGroup;
			children = (
				5B9AC0182F6D0C3A00F5C1A1 /* Views */,
			);
			path = Settings;
			sourceTree = "<group>";
		};
		5B9AC0182F6D0C3A00F5C1A1 /* Views */ = {
			isa = PBXGroup;
			children = (
				5B9AA00D2F6D0C3A00F5C1A1 /* SettingsView.swift */,
			);
			path = Views;
			sourceTree = "<group>";
		};
/* End PBXGroup section */

/* Begin PBXNativeTarget section */
		5B06A5A828F8471D00A1D2F6 /* JellySave */ = {
			isa = PBXNativeTarget;
			buildConfigurationList = 5B06A5B228F8471D00A1D2F6 /* Build configuration list for PBXNativeTarget "JellySave" */;
			buildPhases = (
				5B06A5A928F8471D00A1D2F6 /* Sources */,
				5B06A5AA28F8471D00A1D2F6 /* Frameworks */,
				5B06A5AB28F8471D00A1D2F6 /* Resources */,
			);
			buildRules = (
			);
			dependencies = (
			);
			name = JellySave;
			productName = JellySave;
			productReference = 5B06A59628F8471C00A1D2F6 /* JellySave.app */;
			productType = "com.apple.product-type.application";
		};
/* End PBXNativeTarget section */

/* Begin PBXProject section */
		5B06A59128F8471C00A1D2F6 /* Project object */ = {
			isa = PBXProject;
			attributes = {
				LastSwiftUpdateCheck = 1500;
				LastUpgradeCheck = 1500;
				TargetAttributes = {
					5B06A5A828F8471D00A1D2F6 = {
						CreatedOnToolsVersion = 15.0;
					};
				};
			};
			buildConfigurationList = 5B06A59428F8471C00A1D2F6 /* Build configuration list for PBXProject "JellySave" */;
			compatibilityVersion = "Xcode 14.0";
			developmentRegion = en;
			hasScannedForEncodings = 0;
			knownRegions = (
				en,
				Base,
			);
			mainGroup = 5B06A59028F8471C00A1D2F6;
			productRefGroup = 5B06A59728F8471C00A1D2F6 /* Products */;
			projectDirPath = "";
			projectRoot = "";
			targets = (
				5B06A5A828F8471D00A1D2F6 /* JellySave */,
			);
		};
/* End PBXProject section */

/* Begin PBXResourcesBuildPhase section */
		5B06A5AB28F8471D00A1D2F6 /* Resources */ = {
			isa = PBXResourcesBuildPhase;
			buildActionMask = 2147483647;
			files = (
				5B06A5A728F8471D00A1D2F6 /* Preview Assets.xcassets in Resources */,
				5B06A5A528F8471D00A1D2F6 /* Assets.xcassets in Resources */,
			);
			runOnlyForDeploymentPostprocessing = 0;
		};
/* End PBXResourcesBuildPhase section */

/* Begin PBXSourcesBuildPhase section */
		5B06A5A928F8471D00A1D2F6 /* Sources */ = {
			isa = PBXSourcesBuildPhase;
			buildActionMask = 2147483647;
			files = (
				5B9AB0052F6D0C3A00F5C1A1 /* CustomButton.swift in Sources */,
				5B9AB0092F6D0C3A00F5C1A1 /* GradientBackground.swift in Sources */,
				5B9AB00D2F6D0C3A00F5C1A1 /* SettingsView.swift in Sources */,
				5B9AB0072F6D0C3A00F5C1A1 /* ProgressRing.swift in Sources */,
				5B9AB00B2F6D0C3A00F5C1A1 /* AccountsListView.swift in Sources */,
				5B9AB0082F6D0C3A00F5C1A1 /* CardContainer.swift in Sources */,
				5B9AB0032F6D0C3A00F5C1A1 /* View+Extensions.swift in Sources */,
				5B9AB00A2F6D0C3A00F5C1A1 /* HomeView.swift in Sources */,
				5B06A5A228F8471D00A1D2F6 /* AppDelegate.swift in Sources */,
				5B9AB0062F6D0C3A00F5C1A1 /* CurrencyTextField.swift in Sources */,
				5B9AB0042F6D0C3A00F5C1A1 /* NumberFormatter+Currency.swift in Sources */,
				5B9AB0022F6D0C3A00F5C1A1 /* Constants.swift in Sources */,
				5B06A5A128F8471D00A1D2F6 /* JellySaveApp.swift in Sources */,
				5B9AB00C2F6D0C3A00F5C1A1 /* GoalsListView.swift in Sources */,
				5B9AB0012F6D0C3A00F5C1A1 /* Color+Theme.swift in Sources */,
			);
			runOnlyForDeploymentPostprocessing = 0;
		};
/* End PBXSourcesBuildPhase section */

/* Begin XCBuildConfiguration section */
		5B06A5AC28F8471D00A1D2F6 /* Debug */ = {
			isa = XCBuildConfiguration;
			buildSettings = {
				CLANG_ANALYZER_NONNULL = YES;
				CLANG_ANALYZER_NUMBER_OBJECT_CONVERSION = YES_AGGRESSIVE;
				CLANG_CXX_LANGUAGE_STANDARD = "gnu++20";
				CLANG_ENABLE_MODULES = YES;
				CLANG_ENABLE_OBJC_ARC = YES;
				CLANG_WARN_BLOCK_CAPTURE_AUTORELEASING = YES;
				CLANG_WARN_BOOL_CONVERSION = YES;
				CLANG_WARN_COMMA = YES;
				CLANG_WARN_CONSTANT_CONVERSION = YES;
				CLANG_WARN_DEPRECATED_OBJC_IMPLEMENTATIONS = YES;
				CLANG_WARN_DIRECT_OBJC_ISA_USAGE = YES_ERROR;
				CLANG_WARN_DOCUMENTATION_COMMENTS = YES;
				CLANG_WARN_EMPTY_BODY = YES;
				CLANG_WARN_ENUM_CONVERSION = YES;
				CLANG_WARN_INFINITE_RECURSION = YES;
				CLANG_WARN_INT_CONVERSION = YES;
				CLANG_WARN_NON_LITERAL_NULL_CONVERSION = YES;
				CLANG_WARN_OBJC_IMPLICIT_RETAIN_SELF = YES;
				CLANG_WARN_OBJC_LITERAL_CONVERSION = YES;
				CLANG_WARN_QUOTED_INCLUDE_IN_FRAMEWORK_HEADER = YES;
				CLANG_WARN_RANGE_LOOP_ANALYSIS = YES;
				CLANG_WARN_STRICT_PROTOTYPES = YES;
				CLANG_WARN_SUSPICIOUS_MOVE = YES;
				CLANG_WARN_UNGUARDED_AVAILABILITY = YES_AGGRESSIVE;
				CODE_SIGN_STYLE = Automatic;
				COPY_PHASE_STRIP = NO;
				DEBUG_INFORMATION_FORMAT = dwarf;
				ENABLE_STRICT_OBJC_MSGSEND = YES;
				ENABLE_TESTABILITY = YES;
				GCC_C_LANGUAGE_STANDARD = gnu17;
				GCC_DYNAMIC_NO_PIC = NO;
				GCC_NO_COMMON_BLOCKS = YES;
				GCC_OPTIMIZATION_LEVEL = 0;
				GCC_PREPROCESSOR_DEFINITIONS = (
					"DEBUG=1",
					"$(inherited)",
				);
				GCC_WARN_64_TO_32_BIT_CONVERSION = YES;
				GCC_WARN_ABOUT_RETURN_TYPE = YES_ERROR;
				GCC_WARN_UNDECLARED_SELECTOR = YES;
				GCC_WARN_UNINITIALIZED_AUTOS = YES_AGGRESSIVE;
				GCC_WARN_UNUSED_FUNCTION = YES;
				GCC_WARN_UNUSED_VARIABLE = YES;
				IPHONEOS_DEPLOYMENT_TARGET = 16.0;
				MTL_ENABLE_DEBUG_INFO = INCLUDE_SOURCE;
				MTL_FAST_MATH = YES;
				ONLY_ACTIVE_ARCH = YES;
				SDKROOT = iphoneos;
			};
			name = Debug;
		};
		5B06A5AD28F8471D00A1D2F6 /* Release */ = {
			isa = XCBuildConfiguration;
			buildSettings = {
				CLANG_ANALYZER_NONNULL = YES;
				CLANG_ANALYZER_NUMBER_OBJECT_CONVERSION = YES_AGGRESSIVE;
				CLANG_CXX_LANGUAGE_STANDARD = "gnu++20";
				CLANG_ENABLE_MODULES = YES;
				CLANG_ENABLE_OBJC_ARC = YES;
				CLANG_WARN_BLOCK_CAPTURE_AUTORELEASING = YES;
				CLANG_WARN_BOOL_CONVERSION = YES;
				CLANG_WARN_COMMA = YES;
				CLANG_WARN_CONSTANT_CONVERSION = YES;
				CLANG_WARN_DEPRECATED_OBJC_IMPLEMENTATIONS = YES;
				CLANG_WARN_DIRECT_OBJC_ISA_USAGE = YES_ERROR;
				CLANG_WARN_DOCUMENTATION_COMMENTS = YES;
				CLANG_WARN_EMPTY_BODY = YES;
				CLANG_WARN_ENUM_CONVERSION = YES;
				CLANG_WARN_INFINITE_RECURSION = YES;
				CLANG_WARN_INT_CONVERSION = YES;
				CLANG_WARN_NON_LITERAL_NULL_CONVERSION = YES;
				CLANG_WARN_OBJC_IMPLICIT_RETAIN_SELF = YES;
				CLANG_WARN_OBJC_LITERAL_CONVERSION = YES;
				CLANG_WARN_QUOTED_INCLUDE_IN_FRAMEWORK_HEADER = YES;
				CLANG_WARN_RANGE_LOOP_ANALYSIS = YES;
				CLANG_WARN_STRICT_PROTOTYPES = YES;
				CLANG_WARN_SUSPICIOUS_MOVE = YES;
				CLANG_WARN_UNGUARDED_AVAILABILITY = YES_AGGRESSIVE;
				CODE_SIGN_STYLE = Automatic;
				COPY_PHASE_STRIP = NO;
				DEBUG_INFORMATION_FORMAT = "dwarf-with-dsym";
				ENABLE_NS_ASSERTIONS = NO;
				ENABLE_STRICT_OBJC_MSGSEND = YES;
				GCC_C_LANGUAGE_STANDARD = gnu17;
				GCC_NO_COMMON_BLOCKS = YES;
				GCC_WARN_64_TO_32_BIT_CONVERSION = YES;
				GCC_WARN_ABOUT_RETURN_TYPE = YES_ERROR;
				GCC_WARN_UNDECLARED_SELECTOR = YES;
				GCC_WARN_UNINITIALIZED_AUTOS = YES_AGGRESSIVE;
				GCC_WARN_UNUSED_FUNCTION = YES;
				GCC_WARN_UNUSED_VARIABLE = YES;
				IPHONEOS_DEPLOYMENT_TARGET = 16.0;
				MTL_ENABLE_DEBUG_INFO = NO;
				MTL_FAST_MATH = YES;
				SDKROOT = iphoneos;
				SWIFT_OPTIMIZATION_LEVEL = "-O";
				VALIDATE_PRODUCT = YES;
			};
			name = Release;
		};
		5B06A5AE28F8471D00A1D2F6 /* Debug */ = {
			isa = XCBuildConfiguration;
			buildSettings = {
				ASSETCATALOG_COMPILER_APPICON_NAME = AppIcon;
				ASSETCATALOG_COMPILER_GLOBAL_ACCENT_COLOR_NAME = AccentColor;
				CLANG_ENABLE_MODULES = YES;
				CODE_SIGN_STYLE = Automatic;
				CURRENT_PROJECT_VERSION = 1;
				DEVELOPMENT_ASSET_PATHS = "\"JellySave/Resources/Preview Content\"";
				DEVELOPMENT_TEAM = "";
				GENERATE_INFOPLIST_FILE = NO;
				INFOPLIST_FILE = JellySave/Resources/Info.plist;
				IPHONEOS_DEPLOYMENT_TARGET = 16.0;
				LD_RUNPATH_SEARCH_PATHS = (
					"$(inherited)",
					"@executable_path/Frameworks",
				);
				MARKETING_VERSION = 1.0;
				PRODUCT_BUNDLE_IDENTIFIER = com.jellysave.app;
				PRODUCT_NAME = "$(TARGET_NAME)";
				SWIFT_EMIT_LOC_STRINGS = YES;
				SWIFT_VERSION = 5.9;
				TARGETED_DEVICE_FAMILY = "1,2";
			};
			name = Debug;
		};
		5B06A5AF28F8471D00A1D2F6 /* Release */ = {
			isa = XCBuildConfiguration;
			buildSettings = {
				ASSETCATALOG_COMPILER_APPICON_NAME = AppIcon;
				ASSETCATALOG_COMPILER_GLOBAL_ACCENT_COLOR_NAME = AccentColor;
				CLANG_ENABLE_MODULES = YES;
				CODE_SIGN_STYLE = Automatic;
				CURRENT_PROJECT_VERSION = 1;
				DEVELOPMENT_ASSET_PATHS = "\"JellySave/Resources/Preview Content\"";
				DEVELOPMENT_TEAM = "";
				GENERATE_INFOPLIST_FILE = NO;
				INFOPLIST_FILE = JellySave/Resources/Info.plist;
				IPHONEOS_DEPLOYMENT_TARGET = 16.0;
				LD_RUNPATH_SEARCH_PATHS = (
					"$(inherited)",
					"@executable_path/Frameworks",
				);
				MARKETING_VERSION = 1.0;
				PRODUCT_BUNDLE_IDENTIFIER = com.jellysave.app;
				PRODUCT_NAME = "$(TARGET_NAME)";
				SWIFT_EMIT_LOC_STRINGS = YES;
				SWIFT_VERSION = 5.9;
				TARGETED_DEVICE_FAMILY = "1,2";
			};
			name = Release;
		};
/* End XCBuildConfiguration section */

/* Begin XCConfigurationList section */
		5B06A59428F8471C00A1D2F6 /* Build configuration list for PBXProject "JellySave" */ = {
			isa = XCConfigurationList;
			buildConfigurations = (
				5B06A5AC28F8471D00A1D2F6 /* Debug */,
				5B06A5AD28F8471D00A1D2F6 /* Release */,
			);
			defaultConfigurationIsVisible = 0;
			defaultConfigurationName = Release;
		};
		5B06A5B228F8471D00A1D2F6 /* Build configuration list for PBXNativeTarget "JellySave" */ = {
			isa = XCConfigurationList;
			buildConfigurations = (
				5B06A5AE28F8471D00A1D2F6 /* Debug */,
				5B06A5AF28F8471D00A1D2F6 /* Release */,
			);
			defaultConfigurationIsVisible = 0;
			defaultConfigurationName = Release;
		};
/* End XCConfigurationList section */
	};
	rootObject = 5B06A59128F8471C00A1D2F6 /* Project object */;
}
